
Microsoft Visual Studio Solution File, Format Version 12.00
# Visual Studio Version 16
VisualStudioVersion = 16.0.31112.23
MinimumVisualStudioVersion = 10.0.40219.1
Project("{8BC9CEB8-8B4A-11D0-8D11-00A0C91BC942}") = "Alias2Facility", "Alias2Facility\Alias2Facility.vcxproj", "{A9D62BCE-64E1-4BB9-83F7-0647869EA154}"
EndProject
Project("{8BC9CEB8-8B4A-11D0-8D11-00A0C91BC942}") = "ImportAliases2Facility", "ImportAliases2Facility\ImportAliases2Facility.vcxproj", "{C1B51FA5-C948-45C9-9992-92AD9AA8749C}"
EndProject
Global
	GlobalSection(SolutionConfigurationPlatforms) = preSolution
		Debug|x64 = Debug|x64
		Debug|x86 = Debug|x86
		Release|x64 = Release|x64
		Release|x86 = Release|x86
	EndGlobalSection
	GlobalSection(ProjectConfigurationPlatforms) = postSolution
		{A9D62BCE-64E1-4BB9-83F7-0647869EA154}.Debug|x64.ActiveCfg = Debug|x64
		{A9D62BCE-64E1-4BB9-83F7-0647869EA154}.Debug|x64.Build.0 = Debug|x64
		{A9D62BCE-64E1-4BB9-83F7-0647869EA154}.Debug|x86.ActiveCfg = Debug|Win32
		{A9D62BCE-64E1-4BB9-83F7-0647869EA154}.Debug|x86.Build.0 = Debug|Win32
		{A9D62BCE-64E1-4BB9-83F7-0647869EA154}.Release|x64.ActiveCfg = Release|x64
		{A9D62BCE-64E1-4BB9-83F7-0647869EA154}.Release|x64.Build.0 = Release|x64
		{A9D62BCE-64E1-4BB9-83F7-0647869EA154}.Release|x86.ActiveCfg = Release|Win32
		{A9D62BCE-64E1-4BB9-83F7-0647869EA154}.Release|x86.Build.0 = Release|Win32
		{C1B51FA5-C948-45C9-9992-92AD9AA8749C}.Debug|x64.ActiveCfg = Debug|x64
		{C1B51FA5-C948-45C9-9992-92AD9AA8749C}.Debug|x64.Build.0 = Debug|x64
		{C1B51FA5-C948-45C9-9992-92AD9AA8749C}.Debug|x86.ActiveCfg = Debug|Win32
		{C1B51FA5-C948-45C9-9992-92AD9AA8749C}.Debug|x86.Build.0 = Debug|Win32
		{C1B51FA5-C948-45C9-9992-92AD9AA8749C}.Release|x64.ActiveCfg = Release|x64
		{C1B51FA5-C948-45C9-9992-92AD9AA8749C}.Release|x64.Build.0 = Release|x64
		{C1B51FA5-C948-45C9-9992-92AD9AA8749C}.Release|x86.ActiveCfg = Release|Win32
		{C1B51FA5-C948-45C9-9992-92AD9AA8749C}.Release|x86.Build.0 = Release|Win32
	EndGlobalSection
	GlobalSection(SolutionProperties) = preSolution
		HideSolutionNode = FALSE
	EndGlobalSection
	GlobalSection(ExtensibilityGlobals) = postSolution
		SolutionGuid = {6B807EA3-EDEB-4A91-8B0F-3CB6DB221093}
	EndGlobalSection
EndGlobal
